{
  "nodes": {
    "advisory-db": {
      "flake": false,
      "locked": {
        "lastModified": 1710178103,
        "narHash": "sha256-Zg8JWAjMWHXtpUI7/nUC8iq3jKONLNSGQSBno5Rho8A=",
        "owner": "rustsec",
        "repo": "advisory-db",
        "rev": "61f79bd5454eb6999417bea4701aa101c0897410",
        "type": "github"
      },
      "original": {
        "owner": "rustsec",
        "repo": "advisory-db",
        "type": "github"
      }
    },
    "bats-assert": {
      "flake": false,
      "locked": {
        "lastModified": 1636059754,
        "narHash": "sha256-ewME0l27ZqfmAwJO4h5biTALc9bDLv7Bl3ftBzBuZwk=",
        "owner": "bats-core",
        "repo": "bats-assert",
        "rev": "34551b1d7f8c7b677c1a66fc0ac140d6223409e5",
        "type": "github"
      },
      "original": {
        "owner": "bats-core",
        "repo": "bats-assert",
        "type": "github"
      }
    },
    "bats-support": {
      "flake": false,
      "locked": {
        "lastModified": 1548869839,
        "narHash": "sha256-Gr4ntadr42F2Ks8Pte2D4wNDbijhujuoJi4OPZnTAZU=",
        "owner": "bats-core",
        "repo": "bats-support",
        "rev": "d140a65044b2d6810381935ae7f0c94c7023c8c3",
        "type": "github"
      },
      "original": {
        "owner": "bats-core",
        "repo": "bats-support",
        "type": "github"
      }
    },
    "crane": {
      "inputs": {
        "nixpkgs": [
          "nixpkgs"
        ]
      },
      "locked": {
        "lastModified": 1710003968,
        "narHash": "sha256-g8+K+mLiNG5uch35Oy9oDQBAmGSkCcqrd0Jjme7xiG0=",
        "owner": "ipetkov",
        "repo": "crane",
        "rev": "10484f86201bb94bd61ecc5335b1496794fedb78",
        "type": "github"
      },
      "original": {
        "owner": "ipetkov",
        "repo": "crane",
        "type": "github"
      }
    },
    "disko": {
      "inputs": {
        "nixpkgs": [
          "nixpkgs"
        ]
      },
      "locked": {
        "lastModified": 1710427903,
        "narHash": "sha256-sV0Q5ndvfjK9JfCg/QM/HX/fcittohvtq8dD62isxdM=",
        "owner": "nix-community",
        "repo": "disko",
        "rev": "21d89b333ca300bef82c928c856d48b94a9f997c",
        "type": "github"
      },
      "original": {
        "owner": "nix-community",
        "repo": "disko",
        "type": "github"
      }
    },
    "fenix": {
      "inputs": {
        "nixpkgs": [
          "nixpkgs"
        ],
        "rust-analyzer-src": []
      },
      "locked": {
        "lastModified": 1709274179,
        "narHash": "sha256-O6EC6QELBLHzhdzBOJj0chx8AOcd4nDRECIagfT5Nd0=",
        "owner": "nix-community",
        "repo": "fenix",
        "rev": "4be608f4f81d351aacca01b21ffd91028c23cc22",
        "type": "github"
      },
      "original": {
        "owner": "nix-community",
        "ref": "monthly",
        "repo": "fenix",
        "type": "github"
      }
    },
    "flake-parts": {
      "inputs": {
        "nixpkgs-lib": "nixpkgs-lib"
      },
      "locked": {
        "lastModified": 1709336216,
        "narHash": "sha256-Dt/wOWeW6Sqm11Yh+2+t0dfEWxoMxGBvv3JpIocFl9E=",
        "owner": "hercules-ci",
        "repo": "flake-parts",
        "rev": "f7b3c975cf067e56e7cda6cb098ebe3fb4d74ca2",
        "type": "github"
      },
      "original": {
        "owner": "hercules-ci",
        "repo": "flake-parts",
        "type": "github"
      }
    },
    "flake-utils": {
      "locked": {
        "lastModified": 1634851050,
        "narHash": "sha256-N83GlSGPJJdcqhUxSCS/WwW5pksYf3VP1M13cDRTSVA=",
        "owner": "numtide",
        "repo": "flake-utils",
        "rev": "c91f3de5adaf1de973b797ef7485e441a65b8935",
        "type": "github"
      },
      "original": {
        "owner": "numtide",
        "repo": "flake-utils",
        "type": "github"
      }
    },
    "nixpkgs": {
      "locked": {
        "lastModified": 1710377395,
        "narHash": "sha256-KMubsUWtVr7L55pXMBibBDBdmk3xrjbBPduc0E8z28c=",
        "owner": "NixOS",
        "repo": "nixpkgs",
        "rev": "db001797591bf76f7b8d4c4ed3b49233391e0c97",
        "type": "github"
      },
      "original": {
        "owner": "NixOS",
        "ref": "nixpkgs-unstable",
        "repo": "nixpkgs",
        "type": "github"
      }
    },
    "nixpkgs-lib": {
      "locked": {
        "dir": "lib",
        "lastModified": 1709237383,
        "narHash": "sha256-cy6ArO4k5qTx+l5o+0mL9f5fa86tYUX3ozE1S+Txlds=",
        "owner": "NixOS",
        "repo": "nixpkgs",
        "rev": "1536926ef5621b09bba54035ae2bb6d806d72ac8",
        "type": "github"
      },
      "original": {
        "dir": "lib",
        "owner": "NixOS",
        "ref": "nixos-unstable",
        "repo": "nixpkgs",
        "type": "github"
      }
    },
    "root": {
      "inputs": {
        "advisory-db": "advisory-db",
        "crane": "crane",
        "disko": "disko",
        "fenix": "fenix",
        "flake-parts": "flake-parts",
        "nixpkgs": "nixpkgs",
        "terranix": "terranix",
        "valeJoblint": "valeJoblint",
        "valeMicrosoft": "valeMicrosoft",
        "valeWriteGood": "valeWriteGood"
      }
    },
    "terranix": {
      "inputs": {
        "bats-assert": "bats-assert",
        "bats-support": "bats-support",
        "flake-utils": "flake-utils",
        "nixpkgs": [
          "nixpkgs"
        ],
        "terranix-examples": "terranix-examples"
      },
      "locked": {
        "lastModified": 1695406838,
        "narHash": "sha256-xiUfVD6rtsVWFotVtUW3Q1nQh4obKzgvpN1wqZuGXvM=",
        "owner": "terranix",
        "repo": "terranix",
        "rev": "fc9077ca02ab5681935dbf0ecd725c4d889b9275",
        "type": "github"
      },
      "original": {
        "owner": "terranix",
        "repo": "terranix",
        "type": "github"
      }
    },
    "terranix-examples": {
      "locked": {
        "lastModified": 1636300201,
        "narHash": "sha256-0n1je1WpiR6XfCsvi8ZK7GrpEnMl+DpwhWaO1949Vbc=",
        "owner": "terranix",
        "repo": "terranix-examples",
        "rev": "a934aa1cf88f6bd6c6ddb4c77b77ec6e1660bd5e",
        "type": "github"
      },
      "original": {
        "owner": "terranix",
        "repo": "terranix-examples",
        "type": "github"
      }
    },
    "valeJoblint": {
      "flake": false,
      "locked": {
        "lastModified": 1617823289,
        "narHash": "sha256-zRz5ThOg5RLTZj3dYPe0PDvOF5DjO31lduSpi2Us87U=",
        "owner": "errata-ai",
        "repo": "Joblint",
        "rev": "0be7f386e90ac7490663d7582754f0179a69d882",
        "type": "github"
      },
      "original": {
        "owner": "errata-ai",
        "repo": "Joblint",
        "type": "github"
      }
    },
    "valeMicrosoft": {
      "flake": false,
      "locked": {
        "lastModified": 1708333032,
        "narHash": "sha256-+USjqxbEgwxDYwbphjE+B9n/y29AsGAJAwFq0VdZw2Q=",
        "owner": "errata-ai",
        "repo": "Microsoft",
        "rev": "65ab3bade7a082d581edfad0bd33c139013dab05",
        "type": "github"
      },
      "original": {
        "owner": "errata-ai",
        "repo": "Microsoft",
        "type": "github"
      }
    },
    "valeWriteGood": {
      "flake": false,
      "locked": {
        "lastModified": 1588623410,
        "narHash": "sha256-A0vuV4BdumbCb14wxiH5Sc9S75Yx8xwQqWzpfi43+ls=",
        "owner": "errata-ai",
        "repo": "write-good",
        "rev": "2d116619b7662d9d59201e8808254e715fc83cc8",
        "type": "github"
      },
      "original": {
        "owner": "errata-ai",
        "repo": "write-good",
        "type": "github"
      }
    }
  },
  "root": "root",
  "version": 7
}
