{
  "nodes": {
    "advisory-db": {
      "flake": false,
      "locked": {
        "lastModified": 1703184318,
        "narHash": "sha256-vx2/goSpegxiFc7e1jKNHzBkhnsIQjriV4GZLaVe17M=",
        "owner": "rustsec",
        "repo": "advisory-db",
        "rev": "a5fb72de318a74eb69a2c241c0e46705684a35d0",
        "type": "github"
      },
      "original": {
        "owner": "rustsec",
        "repo": "advisory-db",
        "type": "github"
      }
    },
    "crane": {
      "inputs": {
        "nixpkgs": [
          "jardin",
          "nixpkgs"
        ]
      },
      "locked": {
        "lastModified": 1698166613,
        "narHash": "sha256-y4rdN4flxRiROqNi1waMYIZj/Fs7L2OrszFk/1ry9vU=",
        "owner": "ipetkov",
        "repo": "crane",
        "rev": "b7db46f0f1751f7b1d1911f6be7daf568ad5bc65",
        "type": "github"
      },
      "original": {
        "owner": "ipetkov",
        "repo": "crane",
        "type": "github"
      }
    },
    "fenix": {
      "inputs": {
        "nixpkgs": [
          "jardin",
          "nixpkgs"
        ],
        "rust-analyzer-src": [
          "jardin"
        ]
      },
      "locked": {
        "lastModified": 1698819743,
        "narHash": "sha256-L3vZfifHmog7sJvzXk8qiKISkpyltb+GaThqMJ7PU9Y=",
        "owner": "nix-community",
        "repo": "fenix",
        "rev": "1a92c6d75963fd594116913c23041da48ed9e020",
        "type": "github"
      },
      "original": {
        "owner": "nix-community",
        "ref": "monthly",
        "repo": "fenix",
        "type": "github"
      }
    },
    "flake-parts": {
      "inputs": {
        "nixpkgs-lib": "nixpkgs-lib"
      },
      "locked": {
        "lastModified": 1704152458,
        "narHash": "sha256-DS+dGw7SKygIWf9w4eNBUZsK+4Ug27NwEWmn2tnbycg=",
        "owner": "hercules-ci",
        "repo": "flake-parts",
        "rev": "88a2cd8166694ba0b6cb374700799cec53aef527",
        "type": "github"
      },
      "original": {
        "id": "flake-parts",
        "type": "indirect"
      }
    },
    "jardin": {
      "inputs": {
        "advisory-db": "advisory-db",
        "crane": "crane",
        "fenix": "fenix",
        "flake-parts": "flake-parts",
        "nixpkgs": "nixpkgs"
      },
      "locked": {
        "lastModified": 0,
        "narHash": "sha256-f8ChYdU5Tdx+ZycxD+aIeLUpHRkOdNfwZCrMNY1KL6s=",
        "path": "..",
        "type": "path"
      },
      "original": {
        "path": "..",
        "type": "path"
      }
    },
    "nixpkgs": {
      "locked": {
        "lastModified": 1704194953,
        "narHash": "sha256-RtDKd8Mynhe5CFnVT8s0/0yqtWFMM9LmCzXv/YKxnq4=",
        "owner": "NixOS",
        "repo": "nixpkgs",
        "rev": "bd645e8668ec6612439a9ee7e71f7eac4099d4f6",
        "type": "github"
      },
      "original": {
        "owner": "NixOS",
        "ref": "nixos-unstable",
        "repo": "nixpkgs",
        "type": "github"
      }
    },
    "nixpkgs-lib": {
      "locked": {
        "dir": "lib",
        "lastModified": 1704194953,
        "narHash": "sha256-RtDKd8Mynhe5CFnVT8s0/0yqtWFMM9LmCzXv/YKxnq4=",
        "owner": "NixOS",
        "repo": "nixpkgs",
        "rev": "bd645e8668ec6612439a9ee7e71f7eac4099d4f6",
        "type": "github"
      },
      "original": {
        "dir": "lib",
        "owner": "NixOS",
        "ref": "nixos-unstable",
        "repo": "nixpkgs",
        "type": "github"
      }
    },
    "nixpkgs_2": {
      "locked": {
        "lastModified": 1704161960,
        "narHash": "sha256-QGua89Pmq+FBAro8NriTuoO/wNaUtugt29/qqA8zeeM=",
        "owner": "NixOS",
        "repo": "nixpkgs",
        "rev": "63143ac2c9186be6d9da6035fa22620018c85932",
        "type": "github"
      },
      "original": {
        "owner": "NixOS",
        "ref": "nixpkgs-unstable",
        "repo": "nixpkgs",
        "type": "github"
      }
    },
    "root": {
      "inputs": {
        "jardin": "jardin",
        "nixpkgs": "nixpkgs_2"
      }
    }
  },
  "root": "root",
  "version": 7
}
